
Microsoft Visual Studio Solution File, Format Version 12.00
# Visual Studio 15
VisualStudioVersion = 15.0.28307.852
MinimumVisualStudioVersion = 10.0.40219.1
Project("{FAE04EC0-301F-11D3-BF4B-00C04F79EFBC}") = "fegyverarzenál", "fegyverarzenál\fegyverarzenál.csproj", "{F9313EF4-C3F1-41D6-A4DF-C3132EDA7C8E}"
EndProject
Global
	GlobalSection(SolutionConfigurationPlatforms) = preSolution
		Debug|Any CPU = Debug|Any CPU
		Release|Any CPU = Release|Any CPU
	EndGlobalSection
	GlobalSection(ProjectConfigurationPlatforms) = postSolution
		{F9313EF4-C3F1-41D6-A4DF-C3132EDA7C8E}.Debug|Any CPU.ActiveCfg = Debug|Any CPU
		{F9313EF4-C3F1-41D6-A4DF-C3132EDA7C8E}.Debug|Any CPU.Build.0 = Debug|Any CPU
		{F9313EF4-C3F1-41D6-A4DF-C3132EDA7C8E}.Release|Any CPU.ActiveCfg = Release|Any CPU
		{F9313EF4-C3F1-41D6-A4DF-C3132EDA7C8E}.Release|Any CPU.Build.0 = Release|Any CPU
	EndGlobalSection
	GlobalSection(SolutionProperties) = preSolution
		HideSolutionNode = FALSE
	EndGlobalSection
	GlobalSection(ExtensibilityGlobals) = postSolution
		SolutionGuid = {298FDA7E-1CE4-48A5-B1A9-7E3A4FAC7C30}
	EndGlobalSection
EndGlobal
